{
  "name": "bookstore-cds",
  "version": "1.0.0",
  "lockfileVersion": 3,
  "requires": true,
  "packages": {
    "": {
      "name": "bookstore-cds",
      "version": "1.0.0",
      "license": "ISC",
      "dependencies": {
        "@sap/capire-products": "file:sap-capire-products-1.0.0.tgz"
      }
    },
    "node_modules/@sap/capire-products": {
      "version": "1.0.0",
      "resolved": "file:sap-capire-products-1.0.0.tgz",
      "integrity": "sha512-j+5V7KO6mbCSdf7v/QGSDqhaAl4VmqIDI9BNI6gPFjexuvoy9AhPkTStmdMBr04GDS4VZJAjCF9gAuIpQpgzdQ=="
    }
  }
}
